// !$*UTF8*$!
{
	archiveVersion = 1;
	classes = {
	};
	objectVersion = 51;
	objects = {

/* Begin PBXBuildFile section */
		4837992E22C7CBC500ED86ED /* AppDelegate.swift in Sources */ = {isa = PBXBuildFile; fileRef = 4837992D22C7CBC500ED86ED /* AppDelegate.swift */; };
		4837993022C7CBC500ED86ED /* DocumentBrowserViewController.swift in Sources */ = {isa = PBXBuildFile; fileRef = 4837992F22C7CBC500ED86ED /* DocumentBrowserViewController.swift */; };
		4837993422C7CBC500ED86ED /* GalleryDocument.swift in Sources */ = {isa = PBXBuildFile; fileRef = 4837993322C7CBC500ED86ED /* GalleryDocument.swift */; };
		4837993722C7CBC500ED86ED /* Main.storyboard in Resources */ = {isa = PBXBuildFile; fileRef = 4837993522C7CBC500ED86ED /* Main.storyboard */; };
		4837993922C7CBC700ED86ED /* Assets.xcassets in Resources */ = {isa = PBXBuildFile; fileRef = 4837993822C7CBC700ED86ED /* Assets.xcassets */; };
		4837993C22C7CBC700ED86ED /* LaunchScreen.storyboard in Resources */ = {isa = PBXBuildFile; fileRef = 4837993A22C7CBC700ED86ED /* LaunchScreen.storyboard */; };
		4837994D22C7DE0B00ED86ED /* DeleteImageVIew.swift in Sources */ = {isa = PBXBuildFile; fileRef = 4837994522C7DE0A00ED86ED /* DeleteImageVIew.swift */; };
		4837994E22C7DE0B00ED86ED /* Gallery.swift in Sources */ = {isa = PBXBuildFile; fileRef = 4837994622C7DE0A00ED86ED /* Gallery.swift */; };
		4837994F22C7DE0B00ED86ED /* GalleryCell.swift in Sources */ = {isa = PBXBuildFile; fileRef = 4837994722C7DE0B00ED86ED /* GalleryCell.swift */; };
		4837995022C7DE0B00ED86ED /* ImageView.swift in Sources */ = {isa = PBXBuildFile; fileRef = 4837994822C7DE0B00ED86ED /* ImageView.swift */; };
		4837995122C7DE0B00ED86ED /* GalleryCollectionViewController.swift in Sources */ = {isa = PBXBuildFile; fileRef = 4837994922C7DE0B00ED86ED /* GalleryCollectionViewController.swift */; };
		4837995222C7DE0B00ED86ED /* Utilities.swift in Sources */ = {isa = PBXBuildFile; fileRef = 4837994A22C7DE0B00ED86ED /* Utilities.swift */; };
		4837995322C7DE0B00ED86ED /* ZoomedImageViewController.swift in Sources */ = {isa = PBXBuildFile; fileRef = 4837994B22C7DE0B00ED86ED /* ZoomedImageViewController.swift */; };
		4837995422C7DE0B00ED86ED /* GalleryCollectionViewController+DragAndDropExtensions.swift in Sources */ = {isa = PBXBuildFile; fileRef = 4837994C22C7DE0B00ED86ED /* GalleryCollectionViewController+DragAndDropExtensions.swift */; };
		5880D28857A6075B1019FB42 /* Pods_Persistent_Image_Gallery.framework in Frameworks */ = {isa = PBXBuildFile; fileRef = 6F651D6BD5B02119675A5BC9 /* Pods_Persistent_Image_Gallery.framework */; };
/* End PBXBuildFile section */

/* Begin PBXFileReference section */
		4837992A22C7CBC500ED86ED /* Persistent Image Gallery.app */ = {isa = PBXFileReference; explicitFileType = wrapper.application; includeInIndex = 0; path = "Persistent Image Gallery.app"; sourceTree = BUILT_PRODUCTS_DIR; };
		4837992D22C7CBC500ED86ED /* AppDelegate.swift */ = {isa = PBXFileReference; lastKnownFileType = sourcecode.swift; path = AppDelegate.swift; sourceTree = "<group>"; };
		4837992F22C7CBC500ED86ED /* DocumentBrowserViewController.swift */ = {isa = PBXFileReference; lastKnownFileType = sourcecode.swift; path = DocumentBrowserViewController.swift; sourceTree = "<group>"; };
		4837993322C7CBC500ED86ED /* GalleryDocument.swift */ = {isa = PBXFileReference; lastKnownFileType = sourcecode.swift; path = GalleryDocument.swift; sourceTree = "<group>"; };
		4837993622C7CBC500ED86ED /* Base */ = {isa = PBXFileReference; lastKnownFileType = file.storyboard; name = Base; path = Base.lproj/Main.storyboard; sourceTree = "<group>"; };
		4837993822C7CBC700ED86ED /* Assets.xcassets */ = {isa = PBXFileReference; lastKnownFileType = folder.assetcatalog; path = Assets.xcassets; sourceTree = "<group>"; };
		4837993B22C7CBC700ED86ED /* Base */ = {isa = PBXFileReference; lastKnownFileType = file.storyboard; name = Base; path = Base.lproj/LaunchScreen.storyboard; sourceTree = "<group>"; };
		4837993D22C7CBC700ED86ED /* Info.plist */ = {isa = PBXFileReference; lastKnownFileType = text.plist.xml; path = Info.plist; sourceTree = "<group>"; };
		4837994522C7DE0A00ED86ED /* DeleteImageVIew.swift */ = {isa = PBXFileReference; fileEncoding = 4; lastKnownFileType = sourcecode.swift; path = DeleteImageVIew.swift; sourceTree = "<group>"; };
		4837994622C7DE0A00ED86ED /* Gallery.swift */ = {isa = PBXFileReference; fileEncoding = 4; lastKnownFileType = sourcecode.swift; path = Gallery.swift; sourceTree = "<group>"; };
		4837994722C7DE0B00ED86ED /* GalleryCell.swift */ = {isa = PBXFileReference; fileEncoding = 4; lastKnownFileType = sourcecode.swift; path = GalleryCell.swift; sourceTree = "<group>"; };
		4837994822C7DE0B00ED86ED /* ImageView.swift */ = {isa = PBXFileReference; fileEncoding = 4; lastKnownFileType = sourcecode.swift; path = ImageView.swift; sourceTree = "<group>"; };
		4837994922C7DE0B00ED86ED /* GalleryCollectionViewController.swift */ = {isa = PBXFileReference; fileEncoding = 4; lastKnownFileType = sourcecode.swift; path = GalleryCollectionViewController.swift; sourceTree = "<group>"; };
		4837994A22C7DE0B00ED86ED /* Utilities.swift */ = {isa = PBXFileReference; fileEncoding = 4; lastKnownFileType = sourcecode.swift; path = Utilities.swift; sourceTree = "<group>"; };
		4837994B22C7DE0B00ED86ED /* ZoomedImageViewController.swift */ = {isa = PBXFileReference; fileEncoding = 4; lastKnownFileType = sourcecode.swift; path = ZoomedImageViewController.swift; sourceTree = "<group>"; };
		4837994C22C7DE0B00ED86ED /* GalleryCollectionViewController+DragAndDropExtensions.swift */ = {isa = PBXFileReference; fileEncoding = 4; lastKnownFileType = sourcecode.swift; path = "GalleryCollectionViewController+DragAndDropExtensions.swift"; sourceTree = "<group>"; };
		6F651D6BD5B02119675A5BC9 /* Pods_Persistent_Image_Gallery.framework */ = {isa = PBXFileReference; explicitFileType = wrapper.framework; includeInIndex = 0; path = Pods_Persistent_Image_Gallery.framework; sourceTree = BUILT_PRODUCTS_DIR; };
		7651A2DA400C82782C57A430 /* Pods-Persistent Image Gallery.debug.xcconfig */ = {isa = PBXFileReference; includeInIndex = 1; lastKnownFileType = text.xcconfig; name = "Pods-Persistent Image Gallery.debug.xcconfig"; path = "Target Support Files/Pods-Persistent Image Gallery/Pods-Persistent Image Gallery.debug.xcconfig"; sourceTree = "<group>"; };
		B8B7D46F5239F8AD6B7EF605 /* Pods-Persistent Image Gallery.release.xcconfig */ = {isa = PBXFileReference; includeInIndex = 1; lastKnownFileType = text.xcconfig; name = "Pods-Persistent Image Gallery.release.xcconfig"; path = "Target Support Files/Pods-Persistent Image Gallery/Pods-Persistent Image Gallery.release.xcconfig"; sourceTree = "<group>"; };
/* End PBXFileReference section */

/* Begin PBXFrameworksBuildPhase section */
		4837992722C7CBC500ED86ED /* Frameworks */ = {
			isa = PBXFrameworksBuildPhase;
			buildActionMask = 2147483647;
			files = (
				5880D28857A6075B1019FB42 /* Pods_Persistent_Image_Gallery.framework in Frameworks */,
			);
			runOnlyForDeploymentPostprocessing = 0;
		};
/* End PBXFrameworksBuildPhase section */

/* Begin PBXGroup section */
		4837992122C7CBC500ED86ED = {
			isa = PBXGroup;
			children = (
				4837992C22C7CBC500ED86ED /* Persistent Image Gallery */,
				4837992B22C7CBC500ED86ED /* Products */,
				C0F9EA4189A1DE83A811FEA7 /* Pods */,
				BCDA08C35DF04B5EF42182D8 /* Frameworks */,
			);
			sourceTree = "<group>";
		};
		4837992B22C7CBC500ED86ED /* Products */ = {
			isa = PBXGroup;
			children = (
				4837992A22C7CBC500ED86ED /* Persistent Image Gallery.app */,
			);
			name = Products;
			sourceTree = "<group>";
		};
		4837992C22C7CBC500ED86ED /* Persistent Image Gallery */ = {
			isa = PBXGroup;
			children = (
				489D43D822CA85A600608CDB /* ZoomedImageScreen */,
				489D43D722CA852900608CDB /* GalleryScreen */,
				4837994622C7DE0A00ED86ED /* Gallery.swift */,
				4837994A22C7DE0B00ED86ED /* Utilities.swift */,
				4837992F22C7CBC500ED86ED /* DocumentBrowserViewController.swift */,
				4837993322C7CBC500ED86ED /* GalleryDocument.swift */,
				4837993522C7CBC500ED86ED /* Main.storyboard */,
				4837993D22C7CBC700ED86ED /* Info.plist */,
				4837994422C7CFA500ED86ED /* Supporting Files */,
			);
			path = "Persistent Image Gallery";
			sourceTree = "<group>";
		};
		4837994422C7CFA500ED86ED /* Supporting Files */ = {
			isa = PBXGroup;
			children = (
				4837992D22C7CBC500ED86ED /* AppDelegate.swift */,
				4837993822C7CBC700ED86ED /* Assets.xcassets */,
				4837993A22C7CBC700ED86ED /* LaunchScreen.storyboard */,
			);
			path = "Supporting Files";
			sourceTree = "<group>";
		};
		489D43D722CA852900608CDB /* GalleryScreen */ = {
			isa = PBXGroup;
			children = (
				4837994722C7DE0B00ED86ED /* GalleryCell.swift */,
				4837994922C7DE0B00ED86ED /* GalleryCollectionViewController.swift */,
				4837994C22C7DE0B00ED86ED /* GalleryCollectionViewController+DragAndDropExtensions.swift */,
				4837994522C7DE0A00ED86ED /* DeleteImageVIew.swift */,
			);
			path = GalleryScreen;
			sourceTree = "<group>";
		};
		489D43D822CA85A600608CDB /* ZoomedImageScreen */ = {
			isa = PBXGroup;
			children = (
				4837994822C7DE0B00ED86ED /* ImageView.swift */,
				4837994B22C7DE0B00ED86ED /* ZoomedImageViewController.swift */,
			);
			path = ZoomedImageScreen;
			sourceTree = "<group>";
		};
		BCDA08C35DF04B5EF42182D8 /* Frameworks */ = {
			isa = PBXGroup;
			children = (
				6F651D6BD5B02119675A5BC9 /* Pods_Persistent_Image_Gallery.framework */,
			);
			name = Frameworks;
			sourceTree = "<group>";
		};
		C0F9EA4189A1DE83A811FEA7 /* Pods */ = {
			isa = PBXGroup;
			children = (
				7651A2DA400C82782C57A430 /* Pods-Persistent Image Gallery.debug.xcconfig */,
				B8B7D46F5239F8AD6B7EF605 /* Pods-Persistent Image Gallery.release.xcconfig */,
			);
			path = Pods;
			sourceTree = "<group>";
		};
/* End PBXGroup section */

/* Begin PBXNativeTarget section */
		4837992922C7CBC500ED86ED /* Persistent Image Gallery */ = {
			isa = PBXNativeTarget;
			buildConfigurationList = 4837994022C7CBC700ED86ED /* Build configuration list for PBXNativeTarget "Persistent Image Gallery" */;
			buildPhases = (
				BD990D2DF4F0F98C9324431B /* [CP] Check Pods Manifest.lock */,
				4837992622C7CBC500ED86ED /* Sources */,
				4837992722C7CBC500ED86ED /* Frameworks */,
				4837992822C7CBC500ED86ED /* Resources */,
				3FAF5B1ED9148B15734AF0B1 /* [CP] Embed Pods Frameworks */,
			);
			buildRules = (
			);
			dependencies = (
			);
			name = "Persistent Image Gallery";
			productName = "Persistent Image Gallery";
			productReference = 4837992A22C7CBC500ED86ED /* Persistent Image Gallery.app */;
			productType = "com.apple.product-type.application";
		};
/* End PBXNativeTarget section */

/* Begin PBXProject section */
		4837992222C7CBC500ED86ED /* Project object */ = {
			isa = PBXProject;
			attributes = {
				LastSwiftUpdateCheck = 1010;
				LastUpgradeCheck = 1010;
				ORGANIZATIONNAME = Stanley;
				TargetAttributes = {
					4837992922C7CBC500ED86ED = {
						CreatedOnToolsVersion = 10.1;
					};
				};
			};
			buildConfigurationList = 4837992522C7CBC500ED86ED /* Build configuration list for PBXProject "Persistent Image Gallery" */;
			compatibilityVersion = "Xcode 9.3";
			developmentRegion = en;
			hasScannedForEncodings = 0;
			knownRegions = (
				en,
				Base,
			);
			mainGroup = 4837992122C7CBC500ED86ED;
			productRefGroup = 4837992B22C7CBC500ED86ED /* Products */;
			projectDirPath = "";
			projectRoot = "";
			targets = (
				4837992922C7CBC500ED86ED /* Persistent Image Gallery */,
			);
		};
/* End PBXProject section */

/* Begin PBXResourcesBuildPhase section */
		4837992822C7CBC500ED86ED /* Resources */ = {
			isa = PBXResourcesBuildPhase;
			buildActionMask = 2147483647;
			files = (
				4837993C22C7CBC700ED86ED /* LaunchScreen.storyboard in Resources */,
				4837993922C7CBC700ED86ED /* Assets.xcassets in Resources */,
				4837993722C7CBC500ED86ED /* Main.storyboard in Resources */,
			);
			runOnlyForDeploymentPostprocessing = 0;
		};
/* End PBXResourcesBuildPhase section */

/* Begin PBXShellScriptBuildPhase section */
		3FAF5B1ED9148B15734AF0B1 /* [CP] Embed Pods Frameworks */ = {
			isa = PBXShellScriptBuildPhase;
			buildActionMask = 2147483647;
			files = (
			);
			inputFileListPaths = (
				"${PODS_ROOT}/Target Support Files/Pods-Persistent Image Gallery/Pods-Persistent Image Gallery-frameworks-${CONFIGURATION}-input-files.xcfilelist",
			);
			name = "[CP] Embed Pods Frameworks";
			outputFileListPaths = (
				"${PODS_ROOT}/Target Support Files/Pods-Persistent Image Gallery/Pods-Persistent Image Gallery-frameworks-${CONFIGURATION}-output-files.xcfilelist",
			);
			runOnlyForDeploymentPostprocessing = 0;
			shellPath = /bin/sh;
			shellScript = "\"${PODS_ROOT}/Target Support Files/Pods-Persistent Image Gallery/Pods-Persistent Image Gallery-frameworks.sh\"\n";
			showEnvVarsInLog = 0;
		};
		BD990D2DF4F0F98C9324431B /* [CP] Check Pods Manifest.lock */ = {
			isa = PBXShellScriptBuildPhase;
			buildActionMask = 2147483647;
			files = (
			);
			inputFileListPaths = (
			);
			inputPaths = (
				"${PODS_PODFILE_DIR_PATH}/Podfile.lock",
				"${PODS_ROOT}/Manifest.lock",
			);
			name = "[CP] Check Pods Manifest.lock";
			outputFileListPaths = (
			);
			outputPaths = (
				"$(DERIVED_FILE_DIR)/Pods-Persistent Image Gallery-checkManifestLockResult.txt",
			);
			runOnlyForDeploymentPostprocessing = 0;
			shellPath = /bin/sh;
			shellScript = "diff \"${PODS_PODFILE_DIR_PATH}/Podfile.lock\" \"${PODS_ROOT}/Manifest.lock\" > /dev/null\nif [ $? != 0 ] ; then\n    # print error to STDERR\n    echo \"error: The sandbox is not in sync with the Podfile.lock. Run 'pod install' or update your CocoaPods installation.\" >&2\n    exit 1\nfi\n# This output is used by Xcode 'outputs' to avoid re-running this script phase.\necho \"SUCCESS\" > \"${SCRIPT_OUTPUT_FILE_0}\"\n";
			showEnvVarsInLog = 0;
		};
/* End PBXShellScriptBuildPhase section */

/* Begin PBXSourcesBuildPhase section */
		4837992622C7CBC500ED86ED /* Sources */ = {
			isa = PBXSourcesBuildPhase;
			buildActionMask = 2147483647;
			files = (
				4837995422C7DE0B00ED86ED /* GalleryCollectionViewController+DragAndDropExtensions.swift in Sources */,
				4837995322C7DE0B00ED86ED /* ZoomedImageViewController.swift in Sources */,
				4837994F22C7DE0B00ED86ED /* GalleryCell.swift in Sources */,
				4837993422C7CBC500ED86ED /* GalleryDocument.swift in Sources */,
				4837994E22C7DE0B00ED86ED /* Gallery.swift in Sources */,
				4837995122C7DE0B00ED86ED /* GalleryCollectionViewController.swift in Sources */,
				4837994D22C7DE0B00ED86ED /* DeleteImageVIew.swift in Sources */,
				4837993022C7CBC500ED86ED /* DocumentBrowserViewController.swift in Sources */,
				4837995222C7DE0B00ED86ED /* Utilities.swift in Sources */,
				4837995022C7DE0B00ED86ED /* ImageView.swift in Sources */,
				4837992E22C7CBC500ED86ED /* AppDelegate.swift in Sources */,
			);
			runOnlyForDeploymentPostprocessing = 0;
		};
/* End PBXSourcesBuildPhase section */

/* Begin PBXVariantGroup section */
		4837993522C7CBC500ED86ED /* Main.storyboard */ = {
			isa = PBXVariantGroup;
			children = (
				4837993622C7CBC500ED86ED /* Base */,
			);
			name = Main.storyboard;
			sourceTree = "<group>";
		};
		4837993A22C7CBC700ED86ED /* LaunchScreen.storyboard */ = {
			isa = PBXVariantGroup;
			children = (
				4837993B22C7CBC700ED86ED /* Base */,
			);
			name = LaunchScreen.storyboard;
			sourceTree = "<group>";
		};
/* End PBXVariantGroup section */

/* Begin XCBuildConfiguration section */
		4837993E22C7CBC700ED86ED /* Debug */ = {
			isa = XCBuildConfiguration;
			buildSettings = {
				ALWAYS_SEARCH_USER_PATHS = NO;
				CLANG_ANALYZER_NONNULL = YES;
				CLANG_ANALYZER_NUMBER_OBJECT_CONVERSION = YES_AGGRESSIVE;
				CLANG_CXX_LANGUAGE_STANDARD = "gnu++14";
				CLANG_CXX_LIBRARY = "libc++";
				CLANG_ENABLE_MODULES = YES;
				CLANG_ENABLE_OBJC_ARC = YES;
				CLANG_ENABLE_OBJC_WEAK = YES;
				CLANG_WARN_BLOCK_CAPTURE_AUTORELEASING = YES;
				CLANG_WARN_BOOL_CONVERSION = YES;
				CLANG_WARN_COMMA = YES;
				CLANG_WARN_CONSTANT_CONVERSION = YES;
				CLANG_WARN_DEPRECATED_OBJC_IMPLEMENTATIONS = YES;
				CLANG_WARN_DIRECT_OBJC_ISA_USAGE = YES_ERROR;
				CLANG_WARN_DOCUMENTATION_COMMENTS = YES;
				CLANG_WARN_EMPTY_BODY = YES;
				CLANG_WARN_ENUM_CONVERSION = YES;
				CLANG_WARN_INFINITE_RECURSION = YES;
				CLANG_WARN_INT_CONVERSION = YES;
				CLANG_WARN_NON_LITERAL_NULL_CONVERSION = YES;
				CLANG_WARN_OBJC_IMPLICIT_RETAIN_SELF = YES;
				CLANG_WARN_OBJC_LITERAL_CONVERSION = YES;
				CLANG_WARN_OBJC_ROOT_CLASS = YES_ERROR;
				CLANG_WARN_RANGE_LOOP_ANALYSIS = YES;
				CLANG_WARN_STRICT_PROTOTYPES = YES;
				CLANG_WARN_SUSPICIOUS_MOVE = YES;
				CLANG_WARN_UNGUARDED_AVAILABILITY = YES_AGGRESSIVE;
				CLANG_WARN_UNREACHABLE_CODE = YES;
				CLANG_WARN__DUPLICATE_METHOD_MATCH = YES;
				CODE_SIGN_IDENTITY = "iPhone Developer";
				COPY_PHASE_STRIP = NO;
				DEBUG_INFORMATION_FORMAT = dwarf;
				ENABLE_STRICT_OBJC_MSGSEND = YES;
				ENABLE_TESTABILITY = YES;
				GCC_C_LANGUAGE_STANDARD = gnu11;
				GCC_DYNAMIC_NO_PIC = NO;
				GCC_NO_COMMON_BLOCKS = YES;
				GCC_OPTIMIZATION_LEVEL = 0;
				GCC_PREPROCESSOR_DEFINITIONS = (
					"DEBUG=1",
					"$(inherited)",
				);
				GCC_WARN_64_TO_32_BIT_CONVERSION = YES;
				GCC_WARN_ABOUT_RETURN_TYPE = YES_ERROR;
				GCC_WARN_UNDECLARED_SELECTOR = YES;
				GCC_WARN_UNINITIALIZED_AUTOS = YES_AGGRESSIVE;
				GCC_WARN_UNUSED_FUNCTION = YES;
				GCC_WARN_UNUSED_VARIABLE = YES;
				IPHONEOS_DEPLOYMENT_TARGET = 12.1;
				MTL_ENABLE_DEBUG_INFO = INCLUDE_SOURCE;
				MTL_FAST_MATH = YES;
				ONLY_ACTIVE_ARCH = YES;
				SDKROOT = iphoneos;
				SWIFT_ACTIVE_COMPILATION_CONDITIONS = DEBUG;
				SWIFT_OPTIMIZATION_LEVEL = "-Onone";
			};
			name = Debug;
		};
		4837993F22C7CBC700ED86ED /* Release */ = {
			isa = XCBuildConfiguration;
			buildSettings = {
				ALWAYS_SEARCH_USER_PATHS = NO;
				CLANG_ANALYZER_NONNULL = YES;
				CLANG_ANALYZER_NUMBER_OBJECT_CONVERSION = YES_AGGRESSIVE;
				CLANG_CXX_LANGUAGE_STANDARD = "gnu++14";
				CLANG_CXX_LIBRARY = "libc++";
				CLANG_ENABLE_MODULES = YES;
				CLANG_ENABLE_OBJC_ARC = YES;
				CLANG_ENABLE_OBJC_WEAK = YES;
				CLANG_WARN_BLOCK_CAPTURE_AUTORELEASING = YES;
				CLANG_WARN_BOOL_CONVERSION = YES;
				CLANG_WARN_COMMA = YES;
				CLANG_WARN_CONSTANT_CONVERSION = YES;
				CLANG_WARN_DEPRECATED_OBJC_IMPLEMENTATIONS = YES;
				CLANG_WARN_DIRECT_OBJC_ISA_USAGE = YES_ERROR;
				CLANG_WARN_DOCUMENTATION_COMMENTS = YES;
				CLANG_WARN_EMPTY_BODY = YES;
				CLANG_WARN_ENUM_CONVERSION = YES;
				CLANG_WARN_INFINITE_RECURSION = YES;
				CLANG_WARN_INT_CONVERSION = YES;
				CLANG_WARN_NON_LITERAL_NULL_CONVERSION = YES;
				CLANG_WARN_OBJC_IMPLICIT_RETAIN_SELF = YES;
				CLANG_WARN_OBJC_LITERAL_CONVERSION = YES;
				CLANG_WARN_OBJC_ROOT_CLASS = YES_ERROR;
				CLANG_WARN_RANGE_LOOP_ANALYSIS = YES;
				CLANG_WARN_STRICT_PROTOTYPES = YES;
				CLANG_WARN_SUSPICIOUS_MOVE = YES;
				CLANG_WARN_UNGUARDED_AVAILABILITY = YES_AGGRESSIVE;
				CLANG_WARN_UNREACHABLE_CODE = YES;
				CLANG_WARN__DUPLICATE_METHOD_MATCH = YES;
				CODE_SIGN_IDENTITY = "iPhone Developer";
				COPY_PHASE_STRIP = NO;
				DEBUG_INFORMATION_FORMAT = "dwarf-with-dsym";
				ENABLE_NS_ASSERTIONS = NO;
				ENABLE_STRICT_OBJC_MSGSEND = YES;
				GCC_C_LANGUAGE_STANDARD = gnu11;
				GCC_NO_COMMON_BLOCKS = YES;
				GCC_WARN_64_TO_32_BIT_CONVERSION = YES;
				GCC_WARN_ABOUT_RETURN_TYPE = YES_ERROR;
				GCC_WARN_UNDECLARED_SELECTOR = YES;
				GCC_WARN_UNINITIALIZED_AUTOS = YES_AGGRESSIVE;
				GCC_WARN_UNUSED_FUNCTION = YES;
				GCC_WARN_UNUSED_VARIABLE = YES;
				IPHONEOS_DEPLOYMENT_TARGET = 12.1;
				MTL_ENABLE_DEBUG_INFO = NO;
				MTL_FAST_MATH = YES;
				SDKROOT = iphoneos;
				SWIFT_COMPILATION_MODE = wholemodule;
				SWIFT_OPTIMIZATION_LEVEL = "-O";
				VALIDATE_PRODUCT = YES;
			};
			name = Release;
		};
		4837994122C7CBC700ED86ED /* Debug */ = {
			isa = XCBuildConfiguration;
			baseConfigurationReference = 7651A2DA400C82782C57A430 /* Pods-Persistent Image Gallery.debug.xcconfig */;
			buildSettings = {
				ASSETCATALOG_COMPILER_APPICON_NAME = AppIcon;
				CODE_SIGN_STYLE = Automatic;
				INFOPLIST_FILE = "Persistent Image Gallery/Info.plist";
				LD_RUNPATH_SEARCH_PATHS = (
					"$(inherited)",
					"@executable_path/Frameworks",
				);
				PRODUCT_BUNDLE_IDENTIFIER = "stanley.jovel.Persistent-Image-Gallery";
				PRODUCT_NAME = "$(TARGET_NAME)";
				SWIFT_VERSION = 4.2;
				TARGETED_DEVICE_FAMILY = "1,2";
			};
			name = Debug;
		};
		4837994222C7CBC700ED86ED /* Release */ = {
			isa = XCBuildConfiguration;
			baseConfigurationReference = B8B7D46F5239F8AD6B7EF605 /* Pods-Persistent Image Gallery.release.xcconfig */;
			buildSettings = {
				ASSETCATALOG_COMPILER_APPICON_NAME = AppIcon;
				CODE_SIGN_STYLE = Automatic;
				INFOPLIST_FILE = "Persistent Image Gallery/Info.plist";
				LD_RUNPATH_SEARCH_PATHS = (
					"$(inherited)",
					"@executable_path/Frameworks",
				);
				PRODUCT_BUNDLE_IDENTIFIER = "stanley.jovel.Persistent-Image-Gallery";
				PRODUCT_NAME = "$(TARGET_NAME)";
				SWIFT_VERSION = 4.2;
				TARGETED_DEVICE_FAMILY = "1,2";
			};
			name = Release;
		};
/* End XCBuildConfiguration section */

/* Begin XCConfigurationList section */
		4837992522C7CBC500ED86ED /* Build configuration list for PBXProject "Persistent Image Gallery" */ = {
			isa = XCConfigurationList;
			buildConfigurations = (
				4837993E22C7CBC700ED86ED /* Debug */,
				4837993F22C7CBC700ED86ED /* Release */,
			);
			defaultConfigurationIsVisible = 0;
			defaultConfigurationName = Release;
		};
		4837994022C7CBC700ED86ED /* Build configuration list for PBXNativeTarget "Persistent Image Gallery" */ = {
			isa = XCConfigurationList;
			buildConfigurations = (
				4837994122C7CBC700ED86ED /* Debug */,
				4837994222C7CBC700ED86ED /* Release */,
			);
			defaultConfigurationIsVisible = 0;
			defaultConfigurationName = Release;
		};
/* End XCConfigurationList section */
	};
	rootObject = 4837992222C7CBC500ED86ED /* Project object */;
}
